// !$*UTF8*$!
{
	archiveVersion = 1;
	classes = {
	};
	objectVersion = 46;
	objects = {

/* Begin PBXBuildFile section */
		84A21DAB1B17B51100415752 /* main.m in Sources */ = {isa = PBXBuildFile; fileRef = 84A21DAA1B17B51100415752 /* main.m */; };
		84A21DAE1B17B51100415752 /* AppDelegate.m in Sources */ = {isa = PBXBuildFile; fileRef = 84A21DAD1B17B51100415752 /* AppDelegate.m */; };
		84A21DB11B17B51100415752 /* RootViewController.m in Sources */ = {isa = PBXBuildFile; fileRef = 84A21DB01B17B51100415752 /* RootViewController.m */; };
		84A21DB41B17B51100415752 /* Main.storyboard in Resources */ = {isa = PBXBuildFile; fileRef = 84A21DB21B17B51100415752 /* Main.storyboard */; };
		84A21DB61B17B51100415752 /* Images.xcassets in Resources */ = {isa = PBXBuildFile; fileRef = 84A21DB51B17B51100415752 /* Images.xcassets */; };
		84A21DB91B17B51100415752 /* LaunchScreen.xib in Resources */ = {isa = PBXBuildFile; fileRef = 84A21DB71B17B51100415752 /* LaunchScreen.xib */; };
		84A21DC51B17B51100415752 /* ZaHunterTests.m in Sources */ = {isa = PBXBuildFile; fileRef = 84A21DC41B17B51100415752 /* ZaHunterTests.m */; };
		84A21DD01B17B5A400415752 /* Pizzeria.m in Sources */ = {isa = PBXBuildFile; fileRef = 84A21DCF1B17B5A400415752 /* Pizzeria.m */; };
		84A21DD21B17B6B100415752 /* MapKit.framework in Frameworks */ = {isa = PBXBuildFile; fileRef = 84A21DD11B17B6B100415752 /* MapKit.framework */; };
		84A21DD41B17B6B800415752 /* CoreLocation.framework in Frameworks */ = {isa = PBXBuildFile; fileRef = 84A21DD31B17B6B800415752 /* CoreLocation.framework */; };
/* End PBXBuildFile section */

/* Begin PBXContainerItemProxy section */
		84A21DBF1B17B51100415752 /* PBXContainerItemProxy */ = {
			isa = PBXContainerItemProxy;
			containerPortal = 84A21D9D1B17B51100415752 /* Project object */;
			proxyType = 1;
			remoteGlobalIDString = 84A21DA41B17B51100415752;
			remoteInfo = ZaHunter;
		};
/* End PBXContainerItemProxy section */

/* Begin PBXFileReference section */
		84A21DA51B17B51100415752 /* ZaHunter.app */ = {isa = PBXFileReference; explicitFileType = wrapper.application; includeInIndex = 0; path = ZaHunter.app; sourceTree = BUILT_PRODUCTS_DIR; };
		84A21DA91B17B51100415752 /* Info.plist */ = {isa = PBXFileReference; lastKnownFileType = text.plist.xml; path = Info.plist; sourceTree = "<group>"; };
		84A21DAA1B17B51100415752 /* main.m */ = {isa = PBXFileReference; lastKnownFileType = sourcecode.c.objc; path = main.m; sourceTree = "<group>"; };
		84A21DAC1B17B51100415752 /* AppDelegate.h */ = {isa = PBXFileReference; lastKnownFileType = sourcecode.c.h; path = AppDelegate.h; sourceTree = "<group>"; };
		84A21DAD1B17B51100415752 /* AppDelegate.m */ = {isa = PBXFileReference; lastKnownFileType = sourcecode.c.objc; path = AppDelegate.m; sourceTree = "<group>"; };
		84A21DAF1B17B51100415752 /* RootViewController.h */ = {isa = PBXFileReference; lastKnownFileType = sourcecode.c.h; path = RootViewController.h; sourceTree = "<group>"; };
		84A21DB01B17B51100415752 /* RootViewController.m */ = {isa = PBXFileReference; lastKnownFileType = sourcecode.c.objc; path = RootViewController.m; sourceTree = "<group>"; };
		84A21DB31B17B51100415752 /* Base */ = {isa = PBXFileReference; lastKnownFileType = file.storyboard; name = Base; path = Base.lproj/Main.storyboard; sourceTree = "<group>"; };
		84A21DB51B17B51100415752 /* Images.xcassets */ = {isa = PBXFileReference; lastKnownFileType = folder.assetcatalog; path = Images.xcassets; sourceTree = "<group>"; };
		84A21DB81B17B51100415752 /* Base */ = {isa = PBXFileReference; lastKnownFileType = file.xib; name = Base; path = Base.lproj/LaunchScreen.xib; sourceTree = "<group>"; };
		84A21DBE1B17B51100415752 /* ZaHunterTests.xctest */ = {isa = PBXFileReference; explicitFileType = wrapper.cfbundle; includeInIndex = 0; path = ZaHunterTests.xctest; sourceTree = BUILT_PRODUCTS_DIR; };
		84A21DC31B17B51100415752 /* Info.plist */ = {isa = PBXFileReference; lastKnownFileType = text.plist.xml; path = Info.plist; sourceTree = "<group>"; };
		84A21DC41B17B51100415752 /* ZaHunterTests.m */ = {isa = PBXFileReference; lastKnownFileType = sourcecode.c.objc; path = ZaHunterTests.m; sourceTree = "<group>"; };
		84A21DCE1B17B5A400415752 /* Pizzeria.h */ = {isa = PBXFileReference; fileEncoding = 4; lastKnownFileType = sourcecode.c.h; path = Pizzeria.h; sourceTree = "<group>"; };
		84A21DCF1B17B5A400415752 /* Pizzeria.m */ = {isa = PBXFileReference; fileEncoding = 4; lastKnownFileType = sourcecode.c.objc; path = Pizzeria.m; sourceTree = "<group>"; };
		84A21DD11B17B6B100415752 /* MapKit.framework */ = {isa = PBXFileReference; lastKnownFileType = wrapper.framework; name = MapKit.framework; path = System/Library/Frameworks/MapKit.framework; sourceTree = SDKROOT; };
		84A21DD31B17B6B800415752 /* CoreLocation.framework */ = {isa = PBXFileReference; lastKnownFileType = wrapper.framework; name = CoreLocation.framework; path = System/Library/Frameworks/CoreLocation.framework; sourceTree = SDKROOT; };
/* End PBXFileReference section */

/* Begin PBXFrameworksBuildPhase section */
		84A21DA21B17B51100415752 /* Frameworks */ = {
			isa = PBXFrameworksBuildPhase;
			buildActionMask = 2147483647;
			files = (
				84A21DD41B17B6B800415752 /* CoreLocation.framework in Frameworks */,
				84A21DD21B17B6B100415752 /* MapKit.framework in Frameworks */,
			);
			runOnlyForDeploymentPostprocessing = 0;
		};
		84A21DBB1B17B51100415752 /* Frameworks */ = {
			isa = PBXFrameworksBuildPhase;
			buildActionMask = 2147483647;
			files = (
			);
			runOnlyForDeploymentPostprocessing = 0;
		};
/* End PBXFrameworksBuildPhase section */

/* Begin PBXGroup section */
		84A21D9C1B17B51100415752 = {
			isa = PBXGroup;
			children = (
				84A21DD31B17B6B800415752 /* CoreLocation.framework */,
				84A21DD11B17B6B100415752 /* MapKit.framework */,
				84A21DA71B17B51100415752 /* ZaHunter */,
				84A21DC11B17B51100415752 /* ZaHunterTests */,
				84A21DA61B17B51100415752 /* Products */,
			);
			sourceTree = "<group>";
		};
		84A21DA61B17B51100415752 /* Products */ = {
			isa = PBXGroup;
			children = (
				84A21DA51B17B51100415752 /* ZaHunter.app */,
				84A21DBE1B17B51100415752 /* ZaHunterTests.xctest */,
			);
			name = Products;
			sourceTree = "<group>";
		};
		84A21DA71B17B51100415752 /* ZaHunter */ = {
			isa = PBXGroup;
			children = (
				84A21DAC1B17B51100415752 /* AppDelegate.h */,
				84A21DAD1B17B51100415752 /* AppDelegate.m */,
				84A21DAF1B17B51100415752 /* RootViewController.h */,
				84A21DB01B17B51100415752 /* RootViewController.m */,
				84A21DCE1B17B5A400415752 /* Pizzeria.h */,
				84A21DCF1B17B5A400415752 /* Pizzeria.m */,
				84A21DB21B17B51100415752 /* Main.storyboard */,
				84A21DB51B17B51100415752 /* Images.xcassets */,
				84A21DB71B17B51100415752 /* LaunchScreen.xib */,
				84A21DA81B17B51100415752 /* Supporting Files */,
			);
			path = ZaHunter;
			sourceTree = "<group>";
		};
		84A21DA81B17B51100415752 /* Supporting Files */ = {
			isa = PBXGroup;
			children = (
				84A21DA91B17B51100415752 /* Info.plist */,
				84A21DAA1B17B51100415752 /* main.m */,
			);
			name = "Supporting Files";
			sourceTree = "<group>";
		};
		84A21DC11B17B51100415752 /* ZaHunterTests */ = {
			isa = PBXGroup;
			children = (
				84A21DC41B17B51100415752 /* ZaHunterTests.m */,
				84A21DC21B17B51100415752 /* Supporting Files */,
			);
			path = ZaHunterTests;
			sourceTree = "<group>";
		};
		84A21DC21B17B51100415752 /* Supporting Files */ = {
			isa = PBXGroup;
			children = (
				84A21DC31B17B51100415752 /* Info.plist */,
			);
			name = "Supporting Files";
			sourceTree = "<group>";
		};
/* End PBXGroup section */

/* Begin PBXNativeTarget section */
		84A21DA41B17B51100415752 /* ZaHunter */ = {
			isa = PBXNativeTarget;
			buildConfigurationList = 84A21DC81B17B51100415752 /* Build configuration list for PBXNativeTarget "ZaHunter" */;
			buildPhases = (
				84A21DA11B17B51100415752 /* Sources */,
				84A21DA21B17B51100415752 /* Frameworks */,
				84A21DA31B17B51100415752 /* Resources */,
			);
			buildRules = (
			);
			dependencies = (
			);
			name = ZaHunter;
			productName = ZaHunter;
			productReference = 84A21DA51B17B51100415752 /* ZaHunter.app */;
			productType = "com.apple.product-type.application";
		};
		84A21DBD1B17B51100415752 /* ZaHunterTests */ = {
			isa = PBXNativeTarget;
			buildConfigurationList = 84A21DCB1B17B51100415752 /* Build configuration list for PBXNativeTarget "ZaHunterTests" */;
			buildPhases = (
				84A21DBA1B17B51100415752 /* Sources */,
				84A21DBB1B17B51100415752 /* Frameworks */,
				84A21DBC1B17B51100415752 /* Resources */,
			);
			buildRules = (
			);
			dependencies = (
				84A21DC01B17B51100415752 /* PBXTargetDependency */,
			);
			name = ZaHunterTests;
			productName = ZaHunterTests;
			productReference = 84A21DBE1B17B51100415752 /* ZaHunterTests.xctest */;
			productType = "com.apple.product-type.bundle.unit-test";
		};
/* End PBXNativeTarget section */

/* Begin PBXProject section */
		84A21D9D1B17B51100415752 /* Project object */ = {
			isa = PBXProject;
			attributes = {
				LastUpgradeCheck = 0630;
				ORGANIZATIONNAME = "Brent Dady";
				TargetAttributes = {
					84A21DA41B17B51100415752 = {
						CreatedOnToolsVersion = 6.3.2;
					};
					84A21DBD1B17B51100415752 = {
						CreatedOnToolsVersion = 6.3.2;
						TestTargetID = 84A21DA41B17B51100415752;
					};
				};
			};
			buildConfigurationList = 84A21DA01B17B51100415752 /* Build configuration list for PBXProject "ZaHunter" */;
			compatibilityVersion = "Xcode 3.2";
			developmentRegion = English;
			hasScannedForEncodings = 0;
			knownRegions = (
				en,
				Base,
			);
			mainGroup = 84A21D9C1B17B51100415752;
			productRefGroup = 84A21DA61B17B51100415752 /* Products */;
			projectDirPath = "";
			projectRoot = "";
			targets = (
				84A21DA41B17B51100415752 /* ZaHunter */,
				84A21DBD1B17B51100415752 /* ZaHunterTests */,
			);
		};
/* End PBXProject section */

/* Begin PBXResourcesBuildPhase section */
		84A21DA31B17B51100415752 /* Resources */ = {
			isa = PBXResourcesBuildPhase;
			buildActionMask = 2147483647;
			files = (
				84A21DB41B17B51100415752 /* Main.storyboard in Resources */,
				84A21DB91B17B51100415752 /* LaunchScreen.xib in Resources */,
				84A21DB61B17B51100415752 /* Images.xcassets in Resources */,
			);
			runOnlyForDeploymentPostprocessing = 0;
		};
		84A21DBC1B17B51100415752 /* Resources */ = {
			isa = PBXResourcesBuildPhase;
			buildActionMask = 2147483647;
			files = (
			);
			runOnlyForDeploymentPostprocessing = 0;
		};
/* End PBXResourcesBuildPhase section */

/* Begin PBXSourcesBuildPhase section */
		84A21DA11B17B51100415752 /* Sources */ = {
			isa = PBXSourcesBuildPhase;
			buildActionMask = 2147483647;
			files = (
				84A21DB11B17B51100415752 /* RootViewController.m in Sources */,
				84A21DAE1B17B51100415752 /* AppDelegate.m in Sources */,
				84A21DAB1B17B51100415752 /* main.m in Sources */,
				84A21DD01B17B5A400415752 /* Pizzeria.m in Sources */,
			);
			runOnlyForDeploymentPostprocessing = 0;
		};
		84A21DBA1B17B51100415752 /* Sources */ = {
			isa = PBXSourcesBuildPhase;
			buildActionMask = 2147483647;
			files = (
				84A21DC51B17B51100415752 /* ZaHunterTests.m in Sources */,
			);
			runOnlyForDeploymentPostprocessing = 0;
		};
/* End PBXSourcesBuildPhase section */

/* Begin PBXTargetDependency section */
		84A21DC01B17B51100415752 /* PBXTargetDependency */ = {
			isa = PBXTargetDependency;
			target = 84A21DA41B17B51100415752 /* ZaHunter */;
			targetProxy = 84A21DBF1B17B51100415752 /* PBXContainerItemProxy */;
		};
/* End PBXTargetDependency section */

/* Begin PBXVariantGroup section */
		84A21DB21B17B51100415752 /* Main.storyboard */ = {
			isa = PBXVariantGroup;
			children = (
				84A21DB31B17B51100415752 /* Base */,
			);
			name = Main.storyboard;
			sourceTree = "<group>";
		};
		84A21DB71B17B51100415752 /* LaunchScreen.xib */ = {
			isa = PBXVariantGroup;
			children = (
				84A21DB81B17B51100415752 /* Base */,
			);
			name = LaunchScreen.xib;
			sourceTree = "<group>";
		};
/* End PBXVariantGroup section */

/* Begin XCBuildConfiguration section */
		84A21DC61B17B51100415752 /* Debug */ = {
			isa = XCBuildConfiguration;
			buildSettings = {
				ALWAYS_SEARCH_USER_PATHS = NO;
				CLANG_CXX_LANGUAGE_STANDARD = "gnu++0x";
				CLANG_CXX_LIBRARY = "libc++";
				CLANG_ENABLE_MODULES = YES;
				CLANG_ENABLE_OBJC_ARC = YES;
				CLANG_WARN_BOOL_CONVERSION = YES;
				CLANG_WARN_CONSTANT_CONVERSION = YES;
				CLANG_WARN_DIRECT_OBJC_ISA_USAGE = YES_ERROR;
				CLANG_WARN_EMPTY_BODY = YES;
				CLANG_WARN_ENUM_CONVERSION = YES;
				CLANG_WARN_INT_CONVERSION = YES;
				CLANG_WARN_OBJC_ROOT_CLASS = YES_ERROR;
				CLANG_WARN_UNREACHABLE_CODE = YES;
				CLANG_WARN__DUPLICATE_METHOD_MATCH = YES;
				"CODE_SIGN_IDENTITY[sdk=iphoneos*]" = "iPhone Developer";
				COPY_PHASE_STRIP = NO;
				DEBUG_INFORMATION_FORMAT = "dwarf-with-dsym";
				ENABLE_STRICT_OBJC_MSGSEND = YES;
				GCC_C_LANGUAGE_STANDARD = gnu99;
				GCC_DYNAMIC_NO_PIC = NO;
				GCC_NO_COMMON_BLOCKS = YES;
				GCC_OPTIMIZATION_LEVEL = 0;
				GCC_PREPROCESSOR_DEFINITIONS = (
					"DEBUG=1",
					"$(inherited)",
				);
				GCC_SYMBOLS_PRIVATE_EXTERN = NO;
				GCC_WARN_64_TO_32_BIT_CONVERSION = YES;
				GCC_WARN_ABOUT_RETURN_TYPE = YES_ERROR;
				GCC_WARN_UNDECLARED_SELECTOR = YES;
				GCC_WARN_UNINITIALIZED_AUTOS = YES_AGGRESSIVE;
				GCC_WARN_UNUSED_FUNCTION = YES;
				GCC_WARN_UNUSED_VARIABLE = YES;
				IPHONEOS_DEPLOYMENT_TARGET = 8.3;
				MTL_ENABLE_DEBUG_INFO = YES;
				ONLY_ACTIVE_ARCH = YES;
				SDKROOT = iphoneos;
			};
			name = Debug;
		};
		84A21DC71B17B51100415752 /* Release */ = {
			isa = XCBuildConfiguration;
			buildSettings = {
				ALWAYS_SEARCH_USER_PATHS = NO;
				CLANG_CXX_LANGUAGE_STANDARD = "gnu++0x";
				CLANG_CXX_LIBRARY = "libc++";
				CLANG_ENABLE_MODULES = YES;
				CLANG_ENABLE_OBJC_ARC = YES;
				CLANG_WARN_BOOL_CONVERSION = YES;
				CLANG_WARN_CONSTANT_CONVERSION = YES;
				CLANG_WARN_DIRECT_OBJC_ISA_USAGE = YES_ERROR;
				CLANG_WARN_EMPTY_BODY = YES;
				CLANG_WARN_ENUM_CONVERSION = YES;
				CLANG_WARN_INT_CONVERSION = YES;
				CLANG_WARN_OBJC_ROOT_CLASS = YES_ERROR;
				CLANG_WARN_UNREACHABLE_CODE = YES;
				CLANG_WARN__DUPLICATE_METHOD_MATCH = YES;
				"CODE_SIGN_IDENTITY[sdk=iphoneos*]" = "iPhone Developer";
				COPY_PHASE_STRIP = NO;
				DEBUG_INFORMATION_FORMAT = "dwarf-with-dsym";
				ENABLE_NS_ASSERTIONS = NO;
				ENABLE_STRICT_OBJC_MSGSEND = YES;
				GCC_C_LANGUAGE_STANDARD = gnu99;
				GCC_NO_COMMON_BLOCKS = YES;
				GCC_WARN_64_TO_32_BIT_CONVERSION = YES;
				GCC_WARN_ABOUT_RETURN_TYPE = YES_ERROR;
				GCC_WARN_UNDECLARED_SELECTOR = YES;
				GCC_WARN_UNINITIALIZED_AUTOS = YES_AGGRESSIVE;
				GCC_WARN_UNUSED_FUNCTION = YES;
				GCC_WARN_UNUSED_VARIABLE = YES;
				IPHONEOS_DEPLOYMENT_TARGET = 8.3;
				MTL_ENABLE_DEBUG_INFO = NO;
				SDKROOT = iphoneos;
				VALIDATE_PRODUCT = YES;
			};
			name = Release;
		};
		84A21DC91B17B51100415752 /* Debug */ = {
			isa = XCBuildConfiguration;
			buildSettings = {
				ASSETCATALOG_COMPILER_APPICON_NAME = AppIcon;
				INFOPLIST_FILE = ZaHunter/Info.plist;
				LD_RUNPATH_SEARCH_PATHS = "$(inherited) @executable_path/Frameworks";
				PRODUCT_NAME = "$(TARGET_NAME)";
			};
			name = Debug;
		};
		84A21DCA1B17B51100415752 /* Release */ = {
			isa = XCBuildConfiguration;
			buildSettings = {
				ASSETCATALOG_COMPILER_APPICON_NAME = AppIcon;
				INFOPLIST_FILE = ZaHunter/Info.plist;
				LD_RUNPATH_SEARCH_PATHS = "$(inherited) @executable_path/Frameworks";
				PRODUCT_NAME = "$(TARGET_NAME)";
			};
			name = Release;
		};
		84A21DCC1B17B51100415752 /* Debug */ = {
			isa = XCBuildConfiguration;
			buildSettings = {
				BUNDLE_LOADER = "$(TEST_HOST)";
				FRAMEWORK_SEARCH_PATHS = (
					"$(SDKROOT)/Developer/Library/Frameworks",
					"$(inherited)",
				);
				GCC_PREPROCESSOR_DEFINITIONS = (
					"DEBUG=1",
					"$(inherited)",
				);
				INFOPLIST_FILE = ZaHunterTests/Info.plist;
				LD_RUNPATH_SEARCH_PATHS = "$(inherited) @executable_path/Frameworks @loader_path/Frameworks";
				PRODUCT_NAME = "$(TARGET_NAME)";
				TEST_HOST = "$(BUILT_PRODUCTS_DIR)/ZaHunter.app/ZaHunter";
			};
			name = Debug;
		};
		84A21DCD1B17B51100415752 /* Release */ = {
			isa = XCBuildConfiguration;
			buildSettings = {
				BUNDLE_LOADER = "$(TEST_HOST)";
				FRAMEWORK_SEARCH_PATHS = (
					"$(SDKROOT)/Developer/Library/Frameworks",
					"$(inherited)",
				);
				INFOPLIST_FILE = ZaHunterTests/Info.plist;
				LD_RUNPATH_SEARCH_PATHS = "$(inherited) @executable_path/Frameworks @loader_path/Frameworks";
				PRODUCT_NAME = "$(TARGET_NAME)";
				TEST_HOST = "$(BUILT_PRODUCTS_DIR)/ZaHunter.app/ZaHunter";
			};
			name = Release;
		};
/* End XCBuildConfiguration section */

/* Begin XCConfigurationList section */
		84A21DA01B17B51100415752 /* Build configuration list for PBXProject "ZaHunter" */ = {
			isa = XCConfigurationList;
			buildConfigurations = (
				84A21DC61B17B51100415752 /* Debug */,
				84A21DC71B17B51100415752 /* Release */,
			);
			defaultConfigurationIsVisible = 0;
			defaultConfigurationName = Release;
		};
		84A21DC81B17B51100415752 /* Build configuration list for PBXNativeTarget "ZaHunter" */ = {
			isa = XCConfigurationList;
			buildConfigurations = (
				84A21DC91B17B51100415752 /* Debug */,
				84A21DCA1B17B51100415752 /* Release */,
			);
			defaultConfigurationIsVisible = 0;
		};
		84A21DCB1B17B51100415752 /* Build configuration list for PBXNativeTarget "ZaHunterTests" */ = {
			isa = XCConfigurationList;
			buildConfigurations = (
				84A21DCC1B17B51100415752 /* Debug */,
				84A21DCD1B17B51100415752 /* Release */,
			);
			defaultConfigurationIsVisible = 0;
		};
/* End XCConfigurationList section */
	};
	rootObject = 84A21D9D1B17B51100415752 /* Project object */;
}
